
Microsoft Visual Studio Solution File, Format Version 12.00
# Visual Studio 14
VisualStudioVersion = 14.0.25420.1
MinimumVisualStudioVersion = 10.0.40219.1
Project("{FAE04EC0-301F-11D3-BF4B-00C04F79EFBC}") = "ForeGroundBlockerHook", "ForeGroundBlockerHook\ForeGroundBlockerHook.csproj", "{1B44C8B5-CCAA-4E26-8735-5AC788BFD21C}"
EndProject
Project("{FAE04EC0-301F-11D3-BF4B-00C04F79EFBC}") = "ForeGroundStealBlocker", "ForeGroundStealBlocker\ForeGroundStealBlocker.csproj", "{E769826A-E6AF-4353-95A5-7632E1F4338F}"
EndProject
Global
	GlobalSection(SolutionConfigurationPlatforms) = preSolution
		Debug|Any CPU = Debug|Any CPU
		Release|Any CPU = Release|Any CPU
	EndGlobalSection
	GlobalSection(ProjectConfigurationPlatforms) = postSolution
		{1B44C8B5-CCAA-4E26-8735-5AC788BFD21C}.Debug|Any CPU.ActiveCfg = Debug|Any CPU
		{1B44C8B5-CCAA-4E26-8735-5AC788BFD21C}.Debug|Any CPU.Build.0 = Debug|Any CPU
		{1B44C8B5-CCAA-4E26-8735-5AC788BFD21C}.Release|Any CPU.ActiveCfg = Release|Any CPU
		{1B44C8B5-CCAA-4E26-8735-5AC788BFD21C}.Release|Any CPU.Build.0 = Release|Any CPU
		{E769826A-E6AF-4353-95A5-7632E1F4338F}.Debug|Any CPU.ActiveCfg = Debug|Any CPU
		{E769826A-E6AF-4353-95A5-7632E1F4338F}.Debug|Any CPU.Build.0 = Debug|Any CPU
		{E769826A-E6AF-4353-95A5-7632E1F4338F}.Release|Any CPU.ActiveCfg = Release|Any CPU
		{E769826A-E6AF-4353-95A5-7632E1F4338F}.Release|Any CPU.Build.0 = Release|Any CPU
	EndGlobalSection
	GlobalSection(SolutionProperties) = preSolution
		HideSolutionNode = FALSE
	EndGlobalSection
EndGlobal
